
Microsoft Visual Studio Solution File, Format Version 12.00
# Visual Studio Version 17
VisualStudioVersion = 17.12.35527.113
MinimumVisualStudioVersion = 10.0.40219.1
Project("{FAE04EC0-301F-11D3-BF4B-00C04F79EFBC}") = "School.Data", "School.Data\School.Data.csproj", "{FE047981-6C5C-4A82-8DC4-A916033706D5}"
EndProject
Project("{FAE04EC0-301F-11D3-BF4B-00C04F79EFBC}") = "School.Infrustructure", "School.Infrustructure\School.Infrustructure.csproj", "{28D57CFF-17DC-43F1-A92D-541464EDCA53}"
EndProject
Project("{FAE04EC0-301F-11D3-BF4B-00C04F79EFBC}") = "School.Service", "School.Service\School.Service.csproj", "{6C40DDD5-FA09-4CF7-A504-D51961450B91}"
EndProject
Project("{FAE04EC0-301F-11D3-BF4B-00C04F79EFBC}") = "School.Core", "School.Core\School.Core.csproj", "{AA449A61-8543-452F-ABCE-422E7FB0F30D}"
EndProject
Project("{FAE04EC0-301F-11D3-BF4B-00C04F79EFBC}") = "School.Api", "School.Api\School.Api.csproj", "{C1047C7B-CD3B-4468-9E89-A9B8BCB2B8A9}"
EndProject
Global
	GlobalSection(SolutionConfigurationPlatforms) = preSolution
		Debug|Any CPU = Debug|Any CPU
		Release|Any CPU = Release|Any CPU
	EndGlobalSection
	GlobalSection(ProjectConfigurationPlatforms) = postSolution
		{FE047981-6C5C-4A82-8DC4-A916033706D5}.Debug|Any CPU.ActiveCfg = Debug|Any CPU
		{FE047981-6C5C-4A82-8DC4-A916033706D5}.Debug|Any CPU.Build.0 = Debug|Any CPU
		{FE047981-6C5C-4A82-8DC4-A916033706D5}.Release|Any CPU.ActiveCfg = Release|Any CPU
		{FE047981-6C5C-4A82-8DC4-A916033706D5}.Release|Any CPU.Build.0 = Release|Any CPU
		{28D57CFF-17DC-43F1-A92D-541464EDCA53}.Debug|Any CPU.ActiveCfg = Debug|Any CPU
		{28D57CFF-17DC-43F1-A92D-541464EDCA53}.Debug|Any CPU.Build.0 = Debug|Any CPU
		{28D57CFF-17DC-43F1-A92D-541464EDCA53}.Release|Any CPU.ActiveCfg = Release|Any CPU
		{28D57CFF-17DC-43F1-A92D-541464EDCA53}.Release|Any CPU.Build.0 = Release|Any CPU
		{6C40DDD5-FA09-4CF7-A504-D51961450B91}.Debug|Any CPU.ActiveCfg = Debug|Any CPU
		{6C40DDD5-FA09-4CF7-A504-D51961450B91}.Debug|Any CPU.Build.0 = Debug|Any CPU
		{6C40DDD5-FA09-4CF7-A504-D51961450B91}.Release|Any CPU.ActiveCfg = Release|Any CPU
		{6C40DDD5-FA09-4CF7-A504-D51961450B91}.Release|Any CPU.Build.0 = Release|Any CPU
		{AA449A61-8543-452F-ABCE-422E7FB0F30D}.Debug|Any CPU.ActiveCfg = Debug|Any CPU
		{AA449A61-8543-452F-ABCE-422E7FB0F30D}.Debug|Any CPU.Build.0 = Debug|Any CPU
		{AA449A61-8543-452F-ABCE-422E7FB0F30D}.Release|Any CPU.ActiveCfg = Release|Any CPU
		{AA449A61-8543-452F-ABCE-422E7FB0F30D}.Release|Any CPU.Build.0 = Release|Any CPU
		{C1047C7B-CD3B-4468-9E89-A9B8BCB2B8A9}.Debug|Any CPU.ActiveCfg = Debug|Any CPU
		{C1047C7B-CD3B-4468-9E89-A9B8BCB2B8A9}.Debug|Any CPU.Build.0 = Debug|Any CPU
		{C1047C7B-CD3B-4468-9E89-A9B8BCB2B8A9}.Release|Any CPU.ActiveCfg = Release|Any CPU
		{C1047C7B-CD3B-4468-9E89-A9B8BCB2B8A9}.Release|Any CPU.Build.0 = Release|Any CPU
	EndGlobalSection
	GlobalSection(SolutionProperties) = preSolution
		HideSolutionNode = FALSE
	EndGlobalSection
EndGlobal
